
Microsoft Visual Studio Solution File, Format Version 10.00
# Visual Studio 2008
Project("{FAE04EC0-301F-11D3-BF4B-00C04F79EFBC}") = "DM", "DM\DM.csproj", "{0D02E7DE-F9B1-40E4-BFAC-DA0E7B83E9DA}"
EndProject
Global
	GlobalSection(SubversionScc) = preSolution
		Svn-Managed = True
		Manager = AnkhSVN - Subversion Support for Visual Studio
	EndGlobalSection
	GlobalSection(SolutionConfigurationPlatforms) = preSolution
		Debug|Any CPU = Debug|Any CPU
		Release|Any CPU = Release|Any CPU
	EndGlobalSection
	GlobalSection(ProjectConfigurationPlatforms) = postSolution
		{0D02E7DE-F9B1-40E4-BFAC-DA0E7B83E9DA}.Debug|Any CPU.ActiveCfg = Debug|Any CPU
		{0D02E7DE-F9B1-40E4-BFAC-DA0E7B83E9DA}.Debug|Any CPU.Build.0 = Debug|Any CPU
		{0D02E7DE-F9B1-40E4-BFAC-DA0E7B83E9DA}.Release|Any CPU.ActiveCfg = Release|Any CPU
		{0D02E7DE-F9B1-40E4-BFAC-DA0E7B83E9DA}.Release|Any CPU.Build.0 = Release|Any CPU
	EndGlobalSection
	GlobalSection(SolutionProperties) = preSolution
		HideSolutionNode = FALSE
	EndGlobalSection
EndGlobal
